{
  "name": "tiny-badge-maker",
  "version": "1.0.0",
  "lockfileVersion": 2,
  "requires": true,
  "packages": {
    "": {
      "version": "1.0.0",
      "license": "ISC",
      "dependencies": {
        "binary-search": "^1.3.6",
        "common-tags": "github:zspecza/common-tags#pull/212/head"
      },
      "engines": {
        "node": ">= 14"
      }
    },
    "node_modules/binary-search": {
      "version": "1.3.6",
      "resolved": "https://registry.npmjs.org/binary-search/-/binary-search-1.3.6.tgz",
      "integrity": "sha512-nbE1WxOTTrUWIfsfZ4aHGYu5DOuNkbxGokjV6Z2kxfJK3uaAb8zNK1muzOeipoLHZjInT4Br88BHpzevc681xA=="
    },
    "node_modules/common-tags": {
      "version": "2.0.0-alpha.1",
      "resolved": "git+ssh://git@github.com/zspecza/common-tags.git#946fcbf8cfc1a14c2183ef5a81b23727a2b531e3",
      "license": "MIT",
      "engines": {
        "node": ">=12.0.0"
      }
    }
  },
  "dependencies": {
    "binary-search": {
      "version": "1.3.6",
      "resolved": "https://registry.npmjs.org/binary-search/-/binary-search-1.3.6.tgz",
      "integrity": "sha512-nbE1WxOTTrUWIfsfZ4aHGYu5DOuNkbxGokjV6Z2kxfJK3uaAb8zNK1muzOeipoLHZjInT4Br88BHpzevc681xA=="
    },
    "common-tags": {
      "version": "git+ssh://git@github.com/zspecza/common-tags.git#946fcbf8cfc1a14c2183ef5a81b23727a2b531e3",
      "from": "common-tags@github:zspecza/common-tags#pull/212/head"
    }
  }
}
